Microsoft Visual Studio Solution File, Format Version 12.00
# Visual Studio Version 17
VisualStudioVersion = 17.5.2.0
MinimumVisualStudioVersion = 10.0.40219.1
Project("{FAE04EC0-301F-11D3-BF4B-00C04F79EFBC}") = "minimals-api", "minimals-api.csproj", "{3607D253-2E59-C2E5-1677-1D701A991DFD}"
EndProject
Global
	GlobalSection(SolutionConfigurationPlatforms) = preSolution
		Debug|Any CPU = Debug|Any CPU
		Release|Any CPU = Release|Any CPU
	EndGlobalSection
	GlobalSection(ProjectConfigurationPlatforms) = postSolution
		{3607D253-2E59-C2E5-1677-1D701A991DFD}.Debug|Any CPU.ActiveCfg = Debug|Any CPU
		{3607D253-2E59-C2E5-1677-1D701A991DFD}.Debug|Any CPU.Build.0 = Debug|Any CPU
		{3607D253-2E59-C2E5-1677-1D701A991DFD}.Release|Any CPU.ActiveCfg = Release|Any CPU
		{3607D253-2E59-C2E5-1677-1D701A991DFD}.Release|Any CPU.Build.0 = Release|Any CPU
	EndGlobalSection
	GlobalSection(SolutionProperties) = preSolution
		HideSolutionNode = FALSE
	EndGlobalSection
	GlobalSection(ExtensibilityGlobals) = postSolution
		SolutionGuid = {C220DFA2-9441-47BD-A72A-E45BD618E4F4}
	EndGlobalSection
EndGlobal
